
Microsoft Visual Studio Solution File, Format Version 12.00
# Visual Studio 15
VisualStudioVersion = 15.0.26403.7
MinimumVisualStudioVersion = 10.0.40219.1
Project("{FAE04EC0-301F-11D3-BF4B-00C04F79EFBC}") = "ReportUtility", "ReportUtility\ReportUtility.csproj", "{240673E1-0FB1-4967-A3E5-3B4CFF54119D}"
EndProject
Project("{54435603-DBB4-11D2-8724-00A0C9A8B90C}") = "Setup", "Setup\Setup.vdproj", "{3E606508-7829-46AF-8509-D026DF18BEA6}"
EndProject
Global
	GlobalSection(SolutionConfigurationPlatforms) = preSolution
		Debug|Any CPU = Debug|Any CPU
		Release|Any CPU = Release|Any CPU
	EndGlobalSection
	GlobalSection(ProjectConfigurationPlatforms) = postSolution
		{240673E1-0FB1-4967-A3E5-3B4CFF54119D}.Debug|Any CPU.ActiveCfg = Debug|Any CPU
		{240673E1-0FB1-4967-A3E5-3B4CFF54119D}.Debug|Any CPU.Build.0 = Debug|Any CPU
		{240673E1-0FB1-4967-A3E5-3B4CFF54119D}.Release|Any CPU.ActiveCfg = Release|Any CPU
		{240673E1-0FB1-4967-A3E5-3B4CFF54119D}.Release|Any CPU.Build.0 = Release|Any CPU
		{3E606508-7829-46AF-8509-D026DF18BEA6}.Debug|Any CPU.ActiveCfg = Debug
		{3E606508-7829-46AF-8509-D026DF18BEA6}.Release|Any CPU.ActiveCfg = Release
	EndGlobalSection
	GlobalSection(SolutionProperties) = preSolution
		HideSolutionNode = FALSE
	EndGlobalSection
EndGlobal
